
Microsoft Visual Studio Solution File, Format Version 12.00
# Visual Studio Version 17
VisualStudioVersion = 17.7.34031.279
MinimumVisualStudioVersion = 10.0.40219.1
Project("{FAE04EC0-301F-11D3-BF4B-00C04F79EFBC}") = "WinFormsApp1", "WinFormsApp1.csproj", "{18E58687-71EB-4EC3-80D9-485F2FA1E359}"
EndProject
Global
	GlobalSection(SolutionConfigurationPlatforms) = preSolution
		Debug|Any CPU = Debug|Any CPU
		Release|Any CPU = Release|Any CPU
	EndGlobalSection
	GlobalSection(ProjectConfigurationPlatforms) = postSolution
		{18E58687-71EB-4EC3-80D9-485F2FA1E359}.Debug|Any CPU.ActiveCfg = Debug|Any CPU
		{18E58687-71EB-4EC3-80D9-485F2FA1E359}.Debug|Any CPU.Build.0 = Debug|Any CPU
		{18E58687-71EB-4EC3-80D9-485F2FA1E359}.Release|Any CPU.ActiveCfg = Release|Any CPU
		{18E58687-71EB-4EC3-80D9-485F2FA1E359}.Release|Any CPU.Build.0 = Release|Any CPU
	EndGlobalSection
	GlobalSection(SolutionProperties) = preSolution
		HideSolutionNode = FALSE
	EndGlobalSection
	GlobalSection(ExtensibilityGlobals) = postSolution
		SolutionGuid = {65C859D1-4A98-4470-A8EE-D11D2C965ADE}
	EndGlobalSection
EndGlobal
